
Microsoft Visual Studio Solution File, Format Version 12.00
# Visual Studio Version 17
VisualStudioVersion = 17.7.34024.191
MinimumVisualStudioVersion = 10.0.40219.1
Project("{8BC9CEB8-8B4A-11D0-8D11-00A0C91BC942}") = "Lecture1", "Lecture1\Lecture1.vcxproj", "{9EAC7988-4395-4BEB-A63A-77D0B6F7A3DE}"
EndProject
Project("{8BC9CEB8-8B4A-11D0-8D11-00A0C91BC942}") = "Lecture2", "Lecture2\Lecture2.vcxproj", "{71CDDC25-4C2B-4149-9626-81460DE4507D}"
EndProject
Project("{8BC9CEB8-8B4A-11D0-8D11-00A0C91BC942}") = "Lecture3", "Lecture3\Lecture3.vcxproj", "{B1DA779F-36B2-4243-85D0-C6E8285FC65F}"
EndProject
Project("{8BC9CEB8-8B4A-11D0-8D11-00A0C91BC942}") = "Lecture4", "Lecture4\Lecture4.vcxproj", "{AA4BE427-9526-4C12-A485-C7DDC77D4395}"
EndProject
Project("{8BC9CEB8-8B4A-11D0-8D11-00A0C91BC942}") = "Lecture5", "Lecture5\Lecture5.vcxproj", "{C0BADF12-D440-429F-BF1D-C771D4C455A9}"
EndProject
Project("{8BC9CEB8-8B4A-11D0-8D11-00A0C91BC942}") = "Lecture7", "Lecture7\Lecture7.vcxproj", "{FC5E3F8B-AEE4-47FD-985D-B9072726B082}"
EndProject
Project("{8BC9CEB8-8B4A-11D0-8D11-00A0C91BC942}") = "Lecture8", "Lecture8\Lecture8.vcxproj", "{59F907AB-00F5-4488-B650-250A0C430267}"
EndProject
Project("{8BC9CEB8-8B4A-11D0-8D11-00A0C91BC942}") = "Lecture9", "Lecture9\Lecture9.vcxproj", "{5FBE333C-0421-417E-B68D-AD9DF940671B}"
EndProject
Project("{8BC9CEB8-8B4A-11D0-8D11-00A0C91BC942}") = "Lecture10", "Lecture10\Lecture10.vcxproj", "{7B40AA47-365C-41E7-8485-915126DCF90F}"
EndProject
Project("{8BC9CEB8-8B4A-11D0-8D11-00A0C91BC942}") = "Lecture11", "Lecture11\Lecture11.vcxproj", "{54A0AB47-DD71-4AEA-A257-943787A479E8}"
EndProject
Project("{8BC9CEB8-8B4A-11D0-8D11-00A0C91BC942}") = "Lecture12", "Lecture12\Lecture12.vcxproj", "{98EADF2E-F9ED-498C-B7C7-A5088F5E6AAA}"
EndProject
Project("{8BC9CEB8-8B4A-11D0-8D11-00A0C91BC942}") = "Lecture13", "Lecture13\Lecture13.vcxproj", "{0CBA5786-E9A5-4B28-A211-DC90D43C6BB3}"
EndProject
Global
	GlobalSection(SolutionConfigurationPlatforms) = preSolution
		Debug|x64 = Debug|x64
		Debug|x86 = Debug|x86
		Release|x64 = Release|x64
		Release|x86 = Release|x86
	EndGlobalSection
	GlobalSection(ProjectConfigurationPlatforms) = postSolution
		{9EAC7988-4395-4BEB-A63A-77D0B6F7A3DE}.Debug|x64.ActiveCfg = Debug|x64
		{9EAC7988-4395-4BEB-A63A-77D0B6F7A3DE}.Debug|x64.Build.0 = Debug|x64
		{9EAC7988-4395-4BEB-A63A-77D0B6F7A3DE}.Debug|x86.ActiveCfg = Debug|Win32
		{9EAC7988-4395-4BEB-A63A-77D0B6F7A3DE}.Debug|x86.Build.0 = Debug|Win32
		{9EAC7988-4395-4BEB-A63A-77D0B6F7A3DE}.Release|x64.ActiveCfg = Release|x64
		{9EAC7988-4395-4BEB-A63A-77D0B6F7A3DE}.Release|x64.Build.0 = Release|x64
		{9EAC7988-4395-4BEB-A63A-77D0B6F7A3DE}.Release|x86.ActiveCfg = Release|Win32
		{9EAC7988-4395-4BEB-A63A-77D0B6F7A3DE}.Release|x86.Build.0 = Release|Win32
		{71CDDC25-4C2B-4149-9626-81460DE4507D}.Debug|x64.ActiveCfg = Debug|x64
		{71CDDC25-4C2B-4149-9626-81460DE4507D}.Debug|x64.Build.0 = Debug|x64
		{71CDDC25-4C2B-4149-9626-81460DE4507D}.Debug|x86.ActiveCfg = Debug|Win32
		{71CDDC25-4C2B-4149-9626-81460DE4507D}.Debug|x86.Build.0 = Debug|Win32
		{71CDDC25-4C2B-4149-9626-81460DE4507D}.Release|x64.ActiveCfg = Release|x64
		{71CDDC25-4C2B-4149-9626-81460DE4507D}.Release|x64.Build.0 = Release|x64
		{71CDDC25-4C2B-4149-9626-81460DE4507D}.Release|x86.ActiveCfg = Release|Win32
		{71CDDC25-4C2B-4149-9626-81460DE4507D}.Release|x86.Build.0 = Release|Win32
		{B1DA779F-36B2-4243-85D0-C6E8285FC65F}.Debug|x64.ActiveCfg = Debug|x64
		{B1DA779F-36B2-4243-85D0-C6E8285FC65F}.Debug|x64.Build.0 = Debug|x64
		{B1DA779F-36B2-4243-85D0-C6E8285FC65F}.Debug|x86.ActiveCfg = Debug|Win32
		{B1DA779F-36B2-4243-85D0-C6E8285FC65F}.Debug|x86.Build.0 = Debug|Win32
		{B1DA779F-36B2-4243-85D0-C6E8285FC65F}.Release|x64.ActiveCfg = Release|x64
		{B1DA779F-36B2-4243-85D0-C6E8285FC65F}.Release|x64.Build.0 = Release|x64
		{B1DA779F-36B2-4243-85D0-C6E8285FC65F}.Release|x86.ActiveCfg = Release|Win32
		{B1DA779F-36B2-4243-85D0-C6E8285FC65F}.Release|x86.Build.0 = Release|Win32
		{AA4BE427-9526-4C12-A485-C7DDC77D4395}.Debug|x64.ActiveCfg = Debug|x64
		{AA4BE427-9526-4C12-A485-C7DDC77D4395}.Debug|x64.Build.0 = Debug|x64
		{AA4BE427-9526-4C12-A485-C7DDC77D4395}.Debug|x86.ActiveCfg = Debug|Win32
		{AA4BE427-9526-4C12-A485-C7DDC77D4395}.Debug|x86.Build.0 = Debug|Win32
		{AA4BE427-9526-4C12-A485-C7DDC77D4395}.Release|x64.ActiveCfg = Release|x64
		{AA4BE427-9526-4C12-A485-C7DDC77D4395}.Release|x64.Build.0 = Release|x64
		{AA4BE427-9526-4C12-A485-C7DDC77D4395}.Release|x86.ActiveCfg = Release|Win32
		{AA4BE427-9526-4C12-A485-C7DDC77D4395}.Release|x86.Build.0 = Release|Win32
		{C0BADF12-D440-429F-BF1D-C771D4C455A9}.Debug|x64.ActiveCfg = Debug|x64
		{C0BADF12-D440-429F-BF1D-C771D4C455A9}.Debug|x64.Build.0 = Debug|x64
		{C0BADF12-D440-429F-BF1D-C771D4C455A9}.Debug|x86.ActiveCfg = Debug|Win32
		{C0BADF12-D440-429F-BF1D-C771D4C455A9}.Debug|x86.Build.0 = Debug|Win32
		{C0BADF12-D440-429F-BF1D-C771D4C455A9}.Release|x64.ActiveCfg = Release|x64
		{C0BADF12-D440-429F-BF1D-C771D4C455A9}.Release|x64.Build.0 = Release|x64
		{C0BADF12-D440-429F-BF1D-C771D4C455A9}.Release|x86.ActiveCfg = Release|Win32
		{C0BADF12-D440-429F-BF1D-C771D4C455A9}.Release|x86.Build.0 = Release|Win32
		{FC5E3F8B-AEE4-47FD-985D-B9072726B082}.Debug|x64.ActiveCfg = Debug|x64
		{FC5E3F8B-AEE4-47FD-985D-B9072726B082}.Debug|x64.Build.0 = Debug|x64
		{FC5E3F8B-AEE4-47FD-985D-B9072726B082}.Debug|x86.ActiveCfg = Debug|Win32
		{FC5E3F8B-AEE4-47FD-985D-B9072726B082}.Debug|x86.Build.0 = Debug|Win32
		{FC5E3F8B-AEE4-47FD-985D-B9072726B082}.Release|x64.ActiveCfg = Release|x64
		{FC5E3F8B-AEE4-47FD-985D-B9072726B082}.Release|x64.Build.0 = Release|x64
		{FC5E3F8B-AEE4-47FD-985D-B9072726B082}.Release|x86.ActiveCfg = Release|Win32
		{FC5E3F8B-AEE4-47FD-985D-B9072726B082}.Release|x86.Build.0 = Release|Win32
		{59F907AB-00F5-4488-B650-250A0C430267}.Debug|x64.ActiveCfg = Debug|x64
		{59F907AB-00F5-4488-B650-250A0C430267}.Debug|x64.Build.0 = Debug|x64
		{59F907AB-00F5-4488-B650-250A0C430267}.Debug|x86.ActiveCfg = Debug|Win32
		{59F907AB-00F5-4488-B650-250A0C430267}.Debug|x86.Build.0 = Debug|Win32
		{59F907AB-00F5-4488-B650-250A0C430267}.Release|x64.ActiveCfg = Release|x64
		{59F907AB-00F5-4488-B650-250A0C430267}.Release|x64.Build.0 = Release|x64
		{59F907AB-00F5-4488-B650-250A0C430267}.Release|x86.ActiveCfg = Release|Win32
		{59F907AB-00F5-4488-B650-250A0C430267}.Release|x86.Build.0 = Release|Win32
		{5FBE333C-0421-417E-B68D-AD9DF940671B}.Debug|x64.ActiveCfg = Debug|x64
		{5FBE333C-0421-417E-B68D-AD9DF940671B}.Debug|x64.Build.0 = Debug|x64
		{5FBE333C-0421-417E-B68D-AD9DF940671B}.Debug|x86.ActiveCfg = Debug|Win32
		{5FBE333C-0421-417E-B68D-AD9DF940671B}.Debug|x86.Build.0 = Debug|Win32
		{5FBE333C-0421-417E-B68D-AD9DF940671B}.Release|x64.ActiveCfg = Release|x64
		{5FBE333C-0421-417E-B68D-AD9DF940671B}.Release|x64.Build.0 = Release|x64
		{5FBE333C-0421-417E-B68D-AD9DF940671B}.Release|x86.ActiveCfg = Release|Win32
		{5FBE333C-0421-417E-B68D-AD9DF940671B}.Release|x86.Build.0 = Release|Win32
		{7B40AA47-365C-41E7-8485-915126DCF90F}.Debug|x64.ActiveCfg = Debug|x64
		{7B40AA47-365C-41E7-8485-915126DCF90F}.Debug|x64.Build.0 = Debug|x64
		{7B40AA47-365C-41E7-8485-915126DCF90F}.Debug|x86.ActiveCfg = Debug|Win32
		{7B40AA47-365C-41E7-8485-915126DCF90F}.Debug|x86.Build.0 = Debug|Win32
		{7B40AA47-365C-41E7-8485-915126DCF90F}.Release|x64.ActiveCfg = Release|x64
		{7B40AA47-365C-41E7-8485-915126DCF90F}.Release|x64.Build.0 = Release|x64
		{7B40AA47-365C-41E7-8485-915126DCF90F}.Release|x86.ActiveCfg = Release|Win32
		{7B40AA47-365C-41E7-8485-915126DCF90F}.Release|x86.Build.0 = Release|Win32
		{54A0AB47-DD71-4AEA-A257-943787A479E8}.Debug|x64.ActiveCfg = Debug|x64
		{54A0AB47-DD71-4AEA-A257-943787A479E8}.Debug|x64.Build.0 = Debug|x64
		{54A0AB47-DD71-4AEA-A257-943787A479E8}.Debug|x86.ActiveCfg = Debug|Win32
		{54A0AB47-DD71-4AEA-A257-943787A479E8}.Debug|x86.Build.0 = Debug|Win32
		{54A0AB47-DD71-4AEA-A257-943787A479E8}.Release|x64.ActiveCfg = Release|x64
		{54A0AB47-DD71-4AEA-A257-943787A479E8}.Release|x64.Build.0 = Release|x64
		{54A0AB47-DD71-4AEA-A257-943787A479E8}.Release|x86.ActiveCfg = Release|Win32
		{54A0AB47-DD71-4AEA-A257-943787A479E8}.Release|x86.Build.0 = Release|Win32
		{98EADF2E-F9ED-498C-B7C7-A5088F5E6AAA}.Debug|x64.ActiveCfg = Debug|x64
		{98EADF2E-F9ED-498C-B7C7-A5088F5E6AAA}.Debug|x64.Build.0 = Debug|x64
		{98EADF2E-F9ED-498C-B7C7-A5088F5E6AAA}.Debug|x86.ActiveCfg = Debug|Win32
		{98EADF2E-F9ED-498C-B7C7-A5088F5E6AAA}.Debug|x86.Build.0 = Debug|Win32
		{98EADF2E-F9ED-498C-B7C7-A5088F5E6AAA}.Release|x64.ActiveCfg = Release|x64
		{98EADF2E-F9ED-498C-B7C7-A5088F5E6AAA}.Release|x64.Build.0 = Release|x64
		{98EADF2E-F9ED-498C-B7C7-A5088F5E6AAA}.Release|x86.ActiveCfg = Release|Win32
		{98EADF2E-F9ED-498C-B7C7-A5088F5E6AAA}.Release|x86.Build.0 = Release|Win32
		{0CBA5786-E9A5-4B28-A211-DC90D43C6BB3}.Debug|x64.ActiveCfg = Debug|x64
		{0CBA5786-E9A5-4B28-A211-DC90D43C6BB3}.Debug|x64.Build.0 = Debug|x64
		{0CBA5786-E9A5-4B28-A211-DC90D43C6BB3}.Debug|x86.ActiveCfg = Debug|Win32
		{0CBA5786-E9A5-4B28-A211-DC90D43C6BB3}.Debug|x86.Build.0 = Debug|Win32
		{0CBA5786-E9A5-4B28-A211-DC90D43C6BB3}.Release|x64.ActiveCfg = Release|x64
		{0CBA5786-E9A5-4B28-A211-DC90D43C6BB3}.Release|x64.Build.0 = Release|x64
		{0CBA5786-E9A5-4B28-A211-DC90D43C6BB3}.Release|x86.ActiveCfg = Release|Win32
		{0CBA5786-E9A5-4B28-A211-DC90D43C6BB3}.Release|x86.Build.0 = Release|Win32
	EndGlobalSection
	GlobalSection(SolutionProperties) = preSolution
		HideSolutionNode = FALSE
	EndGlobalSection
	GlobalSection(ExtensibilityGlobals) = postSolution
		SolutionGuid = {D8889DA6-79BF-4F8C-835E-050C46A6D605}
	EndGlobalSection
EndGlobal
