
Microsoft Visual Studio Solution File, Format Version 12.00
# Visual Studio Version 17
VisualStudioVersion = 17.7.34202.233
MinimumVisualStudioVersion = 10.0.40219.1
Project("{8BC9CEB8-8B4A-11D0-8D11-00A0C91BC942}") = "Lecture1", "Lecture1\Lecture1.vcxproj", "{B212D201-6123-43EF-B666-F5B5E184008A}"
EndProject
Project("{8BC9CEB8-8B4A-11D0-8D11-00A0C91BC942}") = "Lecture2", "Lecture2\Lecture2.vcxproj", "{1E917F1D-5E4F-401D-BD14-253727C44BA6}"
EndProject
Project("{8BC9CEB8-8B4A-11D0-8D11-00A0C91BC942}") = "Lecture3", "Lecture3\Lecture3.vcxproj", "{2B42617A-FEB5-46F2-A76A-949AF61043B9}"
EndProject
Project("{8BC9CEB8-8B4A-11D0-8D11-00A0C91BC942}") = "Lecture4", "Lecture4\Lecture4.vcxproj", "{8FE1ADC8-C013-453F-9AFA-449305AA7E33}"
EndProject
Project("{8BC9CEB8-8B4A-11D0-8D11-00A0C91BC942}") = "Lecture5", "Lecture5\Lecture5.vcxproj", "{4170068C-8BCB-404A-8AE7-66623A6AA3EF}"
EndProject
Project("{8BC9CEB8-8B4A-11D0-8D11-00A0C91BC942}") = "Lecture6", "Lecture6\Lecture6.vcxproj", "{2C08697B-0F78-4F21-B33C-87B168E43588}"
EndProject
Project("{8BC9CEB8-8B4A-11D0-8D11-00A0C91BC942}") = "Lecture7", "Lecture7\Lecture7.vcxproj", "{75AC1FD4-655C-4CCF-9DEF-459713875A35}"
EndProject
Project("{8BC9CEB8-8B4A-11D0-8D11-00A0C91BC942}") = "Lecture8", "Lecture8\Lecture8.vcxproj", "{8C617754-86AD-459A-B039-08C64B424AAA}"
EndProject
Project("{8BC9CEB8-8B4A-11D0-8D11-00A0C91BC942}") = "Lecture9", "Lecture9\Lecture9.vcxproj", "{642B401D-80A4-4D63-8B4D-35A78E8726B4}"
EndProject
Project("{8BC9CEB8-8B4A-11D0-8D11-00A0C91BC942}") = "Lecture11", "Lecture11\Lecture11.vcxproj", "{15161DFB-E720-40C3-83F9-AF1F211126D7}"
EndProject
Project("{8BC9CEB8-8B4A-11D0-8D11-00A0C91BC942}") = "Lecture12", "Lecture12\Lecture12.vcxproj", "{01717CE8-A897-45D6-B0F1-6A5007939ADC}"
EndProject
Global
	GlobalSection(SolutionConfigurationPlatforms) = preSolution
		Debug|x64 = Debug|x64
		Debug|x86 = Debug|x86
		Release|x64 = Release|x64
		Release|x86 = Release|x86
	EndGlobalSection
	GlobalSection(ProjectConfigurationPlatforms) = postSolution
		{B212D201-6123-43EF-B666-F5B5E184008A}.Debug|x64.ActiveCfg = Debug|x64
		{B212D201-6123-43EF-B666-F5B5E184008A}.Debug|x64.Build.0 = Debug|x64
		{B212D201-6123-43EF-B666-F5B5E184008A}.Debug|x86.ActiveCfg = Debug|Win32
		{B212D201-6123-43EF-B666-F5B5E184008A}.Debug|x86.Build.0 = Debug|Win32
		{B212D201-6123-43EF-B666-F5B5E184008A}.Release|x64.ActiveCfg = Release|x64
		{B212D201-6123-43EF-B666-F5B5E184008A}.Release|x64.Build.0 = Release|x64
		{B212D201-6123-43EF-B666-F5B5E184008A}.Release|x86.ActiveCfg = Release|Win32
		{B212D201-6123-43EF-B666-F5B5E184008A}.Release|x86.Build.0 = Release|Win32
		{1E917F1D-5E4F-401D-BD14-253727C44BA6}.Debug|x64.ActiveCfg = Debug|x64
		{1E917F1D-5E4F-401D-BD14-253727C44BA6}.Debug|x64.Build.0 = Debug|x64
		{1E917F1D-5E4F-401D-BD14-253727C44BA6}.Debug|x86.ActiveCfg = Debug|Win32
		{1E917F1D-5E4F-401D-BD14-253727C44BA6}.Debug|x86.Build.0 = Debug|Win32
		{1E917F1D-5E4F-401D-BD14-253727C44BA6}.Release|x64.ActiveCfg = Release|x64
		{1E917F1D-5E4F-401D-BD14-253727C44BA6}.Release|x64.Build.0 = Release|x64
		{1E917F1D-5E4F-401D-BD14-253727C44BA6}.Release|x86.ActiveCfg = Release|Win32
		{1E917F1D-5E4F-401D-BD14-253727C44BA6}.Release|x86.Build.0 = Release|Win32
		{2B42617A-FEB5-46F2-A76A-949AF61043B9}.Debug|x64.ActiveCfg = Debug|x64
		{2B42617A-FEB5-46F2-A76A-949AF61043B9}.Debug|x64.Build.0 = Debug|x64
		{2B42617A-FEB5-46F2-A76A-949AF61043B9}.Debug|x86.ActiveCfg = Debug|Win32
		{2B42617A-FEB5-46F2-A76A-949AF61043B9}.Debug|x86.Build.0 = Debug|Win32
		{2B42617A-FEB5-46F2-A76A-949AF61043B9}.Release|x64.ActiveCfg = Release|x64
		{2B42617A-FEB5-46F2-A76A-949AF61043B9}.Release|x64.Build.0 = Release|x64
		{2B42617A-FEB5-46F2-A76A-949AF61043B9}.Release|x86.ActiveCfg = Release|Win32
		{2B42617A-FEB5-46F2-A76A-949AF61043B9}.Release|x86.Build.0 = Release|Win32
		{8FE1ADC8-C013-453F-9AFA-449305AA7E33}.Debug|x64.ActiveCfg = Debug|x64
		{8FE1ADC8-C013-453F-9AFA-449305AA7E33}.Debug|x64.Build.0 = Debug|x64
		{8FE1ADC8-C013-453F-9AFA-449305AA7E33}.Debug|x86.ActiveCfg = Debug|Win32
		{8FE1ADC8-C013-453F-9AFA-449305AA7E33}.Debug|x86.Build.0 = Debug|Win32
		{8FE1ADC8-C013-453F-9AFA-449305AA7E33}.Release|x64.ActiveCfg = Release|x64
		{8FE1ADC8-C013-453F-9AFA-449305AA7E33}.Release|x64.Build.0 = Release|x64
		{8FE1ADC8-C013-453F-9AFA-449305AA7E33}.Release|x86.ActiveCfg = Release|Win32
		{8FE1ADC8-C013-453F-9AFA-449305AA7E33}.Release|x86.Build.0 = Release|Win32
		{4170068C-8BCB-404A-8AE7-66623A6AA3EF}.Debug|x64.ActiveCfg = Debug|x64
		{4170068C-8BCB-404A-8AE7-66623A6AA3EF}.Debug|x64.Build.0 = Debug|x64
		{4170068C-8BCB-404A-8AE7-66623A6AA3EF}.Debug|x86.ActiveCfg = Debug|Win32
		{4170068C-8BCB-404A-8AE7-66623A6AA3EF}.Debug|x86.Build.0 = Debug|Win32
		{4170068C-8BCB-404A-8AE7-66623A6AA3EF}.Release|x64.ActiveCfg = Release|x64
		{4170068C-8BCB-404A-8AE7-66623A6AA3EF}.Release|x64.Build.0 = Release|x64
		{4170068C-8BCB-404A-8AE7-66623A6AA3EF}.Release|x86.ActiveCfg = Release|Win32
		{4170068C-8BCB-404A-8AE7-66623A6AA3EF}.Release|x86.Build.0 = Release|Win32
		{2C08697B-0F78-4F21-B33C-87B168E43588}.Debug|x64.ActiveCfg = Debug|x64
		{2C08697B-0F78-4F21-B33C-87B168E43588}.Debug|x64.Build.0 = Debug|x64
		{2C08697B-0F78-4F21-B33C-87B168E43588}.Debug|x86.ActiveCfg = Debug|Win32
		{2C08697B-0F78-4F21-B33C-87B168E43588}.Debug|x86.Build.0 = Debug|Win32
		{2C08697B-0F78-4F21-B33C-87B168E43588}.Release|x64.ActiveCfg = Release|x64
		{2C08697B-0F78-4F21-B33C-87B168E43588}.Release|x64.Build.0 = Release|x64
		{2C08697B-0F78-4F21-B33C-87B168E43588}.Release|x86.ActiveCfg = Release|Win32
		{2C08697B-0F78-4F21-B33C-87B168E43588}.Release|x86.Build.0 = Release|Win32
		{75AC1FD4-655C-4CCF-9DEF-459713875A35}.Debug|x64.ActiveCfg = Debug|x64
		{75AC1FD4-655C-4CCF-9DEF-459713875A35}.Debug|x64.Build.0 = Debug|x64
		{75AC1FD4-655C-4CCF-9DEF-459713875A35}.Debug|x86.ActiveCfg = Debug|Win32
		{75AC1FD4-655C-4CCF-9DEF-459713875A35}.Debug|x86.Build.0 = Debug|Win32
		{75AC1FD4-655C-4CCF-9DEF-459713875A35}.Release|x64.ActiveCfg = Release|x64
		{75AC1FD4-655C-4CCF-9DEF-459713875A35}.Release|x64.Build.0 = Release|x64
		{75AC1FD4-655C-4CCF-9DEF-459713875A35}.Release|x86.ActiveCfg = Release|Win32
		{75AC1FD4-655C-4CCF-9DEF-459713875A35}.Release|x86.Build.0 = Release|Win32
		{8C617754-86AD-459A-B039-08C64B424AAA}.Debug|x64.ActiveCfg = Debug|x64
		{8C617754-86AD-459A-B039-08C64B424AAA}.Debug|x64.Build.0 = Debug|x64
		{8C617754-86AD-459A-B039-08C64B424AAA}.Debug|x86.ActiveCfg = Debug|Win32
		{8C617754-86AD-459A-B039-08C64B424AAA}.Debug|x86.Build.0 = Debug|Win32
		{8C617754-86AD-459A-B039-08C64B424AAA}.Release|x64.ActiveCfg = Release|x64
		{8C617754-86AD-459A-B039-08C64B424AAA}.Release|x64.Build.0 = Release|x64
		{8C617754-86AD-459A-B039-08C64B424AAA}.Release|x86.ActiveCfg = Release|Win32
		{8C617754-86AD-459A-B039-08C64B424AAA}.Release|x86.Build.0 = Release|Win32
		{642B401D-80A4-4D63-8B4D-35A78E8726B4}.Debug|x64.ActiveCfg = Debug|x64
		{642B401D-80A4-4D63-8B4D-35A78E8726B4}.Debug|x64.Build.0 = Debug|x64
		{642B401D-80A4-4D63-8B4D-35A78E8726B4}.Debug|x86.ActiveCfg = Debug|Win32
		{642B401D-80A4-4D63-8B4D-35A78E8726B4}.Debug|x86.Build.0 = Debug|Win32
		{642B401D-80A4-4D63-8B4D-35A78E8726B4}.Release|x64.ActiveCfg = Release|x64
		{642B401D-80A4-4D63-8B4D-35A78E8726B4}.Release|x64.Build.0 = Release|x64
		{642B401D-80A4-4D63-8B4D-35A78E8726B4}.Release|x86.ActiveCfg = Release|Win32
		{642B401D-80A4-4D63-8B4D-35A78E8726B4}.Release|x86.Build.0 = Release|Win32
		{15161DFB-E720-40C3-83F9-AF1F211126D7}.Debug|x64.ActiveCfg = Debug|x64
		{15161DFB-E720-40C3-83F9-AF1F211126D7}.Debug|x64.Build.0 = Debug|x64
		{15161DFB-E720-40C3-83F9-AF1F211126D7}.Debug|x86.ActiveCfg = Debug|Win32
		{15161DFB-E720-40C3-83F9-AF1F211126D7}.Debug|x86.Build.0 = Debug|Win32
		{15161DFB-E720-40C3-83F9-AF1F211126D7}.Release|x64.ActiveCfg = Release|x64
		{15161DFB-E720-40C3-83F9-AF1F211126D7}.Release|x64.Build.0 = Release|x64
		{15161DFB-E720-40C3-83F9-AF1F211126D7}.Release|x86.ActiveCfg = Release|Win32
		{15161DFB-E720-40C3-83F9-AF1F211126D7}.Release|x86.Build.0 = Release|Win32
		{01717CE8-A897-45D6-B0F1-6A5007939ADC}.Debug|x64.ActiveCfg = Debug|x64
		{01717CE8-A897-45D6-B0F1-6A5007939ADC}.Debug|x64.Build.0 = Debug|x64
		{01717CE8-A897-45D6-B0F1-6A5007939ADC}.Debug|x86.ActiveCfg = Debug|Win32
		{01717CE8-A897-45D6-B0F1-6A5007939ADC}.Debug|x86.Build.0 = Debug|Win32
		{01717CE8-A897-45D6-B0F1-6A5007939ADC}.Release|x64.ActiveCfg = Release|x64
		{01717CE8-A897-45D6-B0F1-6A5007939ADC}.Release|x64.Build.0 = Release|x64
		{01717CE8-A897-45D6-B0F1-6A5007939ADC}.Release|x86.ActiveCfg = Release|Win32
		{01717CE8-A897-45D6-B0F1-6A5007939ADC}.Release|x86.Build.0 = Release|Win32
	EndGlobalSection
	GlobalSection(SolutionProperties) = preSolution
		HideSolutionNode = FALSE
	EndGlobalSection
	GlobalSection(ExtensibilityGlobals) = postSolution
		SolutionGuid = {DA6303A9-D0B2-4BEA-920C-71EDBF230FCA}
	EndGlobalSection
EndGlobal
