
Microsoft Visual Studio Solution File, Format Version 12.00
# Visual Studio Version 17
VisualStudioVersion = 17.7.34202.233
MinimumVisualStudioVersion = 10.0.40219.1
Project("{8BC9CEB8-8B4A-11D0-8D11-00A0C91BC942}") = "Lecture1", "Lecture1\Lecture1.vcxproj", "{23C7D460-1A3E-412C-963B-0BDB9CC9DAEA}"
EndProject
Project("{8BC9CEB8-8B4A-11D0-8D11-00A0C91BC942}") = "Lecture2", "Lecture2\Lecture2.vcxproj", "{65D4B38F-CC6E-4FEE-8FE8-CF5DBCC00ED5}"
EndProject
Project("{8BC9CEB8-8B4A-11D0-8D11-00A0C91BC942}") = "Lecture3", "Lecture3\Lecture3.vcxproj", "{56C3C92F-0116-430A-A894-DA2453A2DF13}"
EndProject
Project("{8BC9CEB8-8B4A-11D0-8D11-00A0C91BC942}") = "Lecture4", "Lecture4\Lecture4.vcxproj", "{A3E9101D-8746-4244-9EEE-E99C6A2EE1C4}"
EndProject
Project("{8BC9CEB8-8B4A-11D0-8D11-00A0C91BC942}") = "Lecture5", "Lecture5\Lecture5.vcxproj", "{4F64E7C0-DC3B-4807-A84B-D6AF675E4104}"
EndProject
Project("{8BC9CEB8-8B4A-11D0-8D11-00A0C91BC942}") = "Lecture6", "Lecture6\Lecture6.vcxproj", "{BC1C0458-FE0F-4CF1-9E26-B46734195C55}"
EndProject
Global
	GlobalSection(SolutionConfigurationPlatforms) = preSolution
		Debug|x64 = Debug|x64
		Debug|x86 = Debug|x86
		Release|x64 = Release|x64
		Release|x86 = Release|x86
	EndGlobalSection
	GlobalSection(ProjectConfigurationPlatforms) = postSolution
		{23C7D460-1A3E-412C-963B-0BDB9CC9DAEA}.Debug|x64.ActiveCfg = Debug|x64
		{23C7D460-1A3E-412C-963B-0BDB9CC9DAEA}.Debug|x64.Build.0 = Debug|x64
		{23C7D460-1A3E-412C-963B-0BDB9CC9DAEA}.Debug|x86.ActiveCfg = Debug|Win32
		{23C7D460-1A3E-412C-963B-0BDB9CC9DAEA}.Debug|x86.Build.0 = Debug|Win32
		{23C7D460-1A3E-412C-963B-0BDB9CC9DAEA}.Release|x64.ActiveCfg = Release|x64
		{23C7D460-1A3E-412C-963B-0BDB9CC9DAEA}.Release|x64.Build.0 = Release|x64
		{23C7D460-1A3E-412C-963B-0BDB9CC9DAEA}.Release|x86.ActiveCfg = Release|Win32
		{23C7D460-1A3E-412C-963B-0BDB9CC9DAEA}.Release|x86.Build.0 = Release|Win32
		{65D4B38F-CC6E-4FEE-8FE8-CF5DBCC00ED5}.Debug|x64.ActiveCfg = Debug|x64
		{65D4B38F-CC6E-4FEE-8FE8-CF5DBCC00ED5}.Debug|x64.Build.0 = Debug|x64
		{65D4B38F-CC6E-4FEE-8FE8-CF5DBCC00ED5}.Debug|x86.ActiveCfg = Debug|Win32
		{65D4B38F-CC6E-4FEE-8FE8-CF5DBCC00ED5}.Debug|x86.Build.0 = Debug|Win32
		{65D4B38F-CC6E-4FEE-8FE8-CF5DBCC00ED5}.Release|x64.ActiveCfg = Release|x64
		{65D4B38F-CC6E-4FEE-8FE8-CF5DBCC00ED5}.Release|x64.Build.0 = Release|x64
		{65D4B38F-CC6E-4FEE-8FE8-CF5DBCC00ED5}.Release|x86.ActiveCfg = Release|Win32
		{65D4B38F-CC6E-4FEE-8FE8-CF5DBCC00ED5}.Release|x86.Build.0 = Release|Win32
		{56C3C92F-0116-430A-A894-DA2453A2DF13}.Debug|x64.ActiveCfg = Debug|x64
		{56C3C92F-0116-430A-A894-DA2453A2DF13}.Debug|x64.Build.0 = Debug|x64
		{56C3C92F-0116-430A-A894-DA2453A2DF13}.Debug|x86.ActiveCfg = Debug|Win32
		{56C3C92F-0116-430A-A894-DA2453A2DF13}.Debug|x86.Build.0 = Debug|Win32
		{56C3C92F-0116-430A-A894-DA2453A2DF13}.Release|x64.ActiveCfg = Release|x64
		{56C3C92F-0116-430A-A894-DA2453A2DF13}.Release|x64.Build.0 = Release|x64
		{56C3C92F-0116-430A-A894-DA2453A2DF13}.Release|x86.ActiveCfg = Release|Win32
		{56C3C92F-0116-430A-A894-DA2453A2DF13}.Release|x86.Build.0 = Release|Win32
		{A3E9101D-8746-4244-9EEE-E99C6A2EE1C4}.Debug|x64.ActiveCfg = Debug|x64
		{A3E9101D-8746-4244-9EEE-E99C6A2EE1C4}.Debug|x64.Build.0 = Debug|x64
		{A3E9101D-8746-4244-9EEE-E99C6A2EE1C4}.Debug|x86.ActiveCfg = Debug|Win32
		{A3E9101D-8746-4244-9EEE-E99C6A2EE1C4}.Debug|x86.Build.0 = Debug|Win32
		{A3E9101D-8746-4244-9EEE-E99C6A2EE1C4}.Release|x64.ActiveCfg = Release|x64
		{A3E9101D-8746-4244-9EEE-E99C6A2EE1C4}.Release|x64.Build.0 = Release|x64
		{A3E9101D-8746-4244-9EEE-E99C6A2EE1C4}.Release|x86.ActiveCfg = Release|Win32
		{A3E9101D-8746-4244-9EEE-E99C6A2EE1C4}.Release|x86.Build.0 = Release|Win32
		{4F64E7C0-DC3B-4807-A84B-D6AF675E4104}.Debug|x64.ActiveCfg = Debug|x64
		{4F64E7C0-DC3B-4807-A84B-D6AF675E4104}.Debug|x64.Build.0 = Debug|x64
		{4F64E7C0-DC3B-4807-A84B-D6AF675E4104}.Debug|x86.ActiveCfg = Debug|Win32
		{4F64E7C0-DC3B-4807-A84B-D6AF675E4104}.Debug|x86.Build.0 = Debug|Win32
		{4F64E7C0-DC3B-4807-A84B-D6AF675E4104}.Release|x64.ActiveCfg = Release|x64
		{4F64E7C0-DC3B-4807-A84B-D6AF675E4104}.Release|x64.Build.0 = Release|x64
		{4F64E7C0-DC3B-4807-A84B-D6AF675E4104}.Release|x86.ActiveCfg = Release|Win32
		{4F64E7C0-DC3B-4807-A84B-D6AF675E4104}.Release|x86.Build.0 = Release|Win32
		{BC1C0458-FE0F-4CF1-9E26-B46734195C55}.Debug|x64.ActiveCfg = Debug|x64
		{BC1C0458-FE0F-4CF1-9E26-B46734195C55}.Debug|x64.Build.0 = Debug|x64
		{BC1C0458-FE0F-4CF1-9E26-B46734195C55}.Debug|x86.ActiveCfg = Debug|Win32
		{BC1C0458-FE0F-4CF1-9E26-B46734195C55}.Debug|x86.Build.0 = Debug|Win32
		{BC1C0458-FE0F-4CF1-9E26-B46734195C55}.Release|x64.ActiveCfg = Release|x64
		{BC1C0458-FE0F-4CF1-9E26-B46734195C55}.Release|x64.Build.0 = Release|x64
		{BC1C0458-FE0F-4CF1-9E26-B46734195C55}.Release|x86.ActiveCfg = Release|Win32
		{BC1C0458-FE0F-4CF1-9E26-B46734195C55}.Release|x86.Build.0 = Release|Win32
	EndGlobalSection
	GlobalSection(SolutionProperties) = preSolution
		HideSolutionNode = FALSE
	EndGlobalSection
	GlobalSection(ExtensibilityGlobals) = postSolution
		SolutionGuid = {634A83EE-2B5B-4232-88A8-5C158FF27BB8}
	EndGlobalSection
EndGlobal
