
Microsoft Visual Studio Solution File, Format Version 12.00
# Visual Studio Version 17
VisualStudioVersion = 17.7.34202.233
MinimumVisualStudioVersion = 10.0.40219.1
Project("{8BC9CEB8-8B4A-11D0-8D11-00A0C91BC942}") = "Lecture1", "Lecture1\Lecture1.vcxproj", "{B3B9D0AD-5E7A-425F-95CC-9EF0C6D46D47}"
EndProject
Project("{8BC9CEB8-8B4A-11D0-8D11-00A0C91BC942}") = "Lecture2", "Lecture2\Lecture2.vcxproj", "{AE6E3146-2FE6-42E6-943D-059096BC9366}"
EndProject
Project("{8BC9CEB8-8B4A-11D0-8D11-00A0C91BC942}") = "Lecture3", "Lecture3\Lecture3.vcxproj", "{2526D153-831F-4E70-AF6E-242695ADEDBE}"
EndProject
Global
	GlobalSection(SolutionConfigurationPlatforms) = preSolution
		Debug|x64 = Debug|x64
		Debug|x86 = Debug|x86
		Release|x64 = Release|x64
		Release|x86 = Release|x86
	EndGlobalSection
	GlobalSection(ProjectConfigurationPlatforms) = postSolution
		{B3B9D0AD-5E7A-425F-95CC-9EF0C6D46D47}.Debug|x64.ActiveCfg = Debug|x64
		{B3B9D0AD-5E7A-425F-95CC-9EF0C6D46D47}.Debug|x64.Build.0 = Debug|x64
		{B3B9D0AD-5E7A-425F-95CC-9EF0C6D46D47}.Debug|x86.ActiveCfg = Debug|Win32
		{B3B9D0AD-5E7A-425F-95CC-9EF0C6D46D47}.Debug|x86.Build.0 = Debug|Win32
		{B3B9D0AD-5E7A-425F-95CC-9EF0C6D46D47}.Release|x64.ActiveCfg = Release|x64
		{B3B9D0AD-5E7A-425F-95CC-9EF0C6D46D47}.Release|x64.Build.0 = Release|x64
		{B3B9D0AD-5E7A-425F-95CC-9EF0C6D46D47}.Release|x86.ActiveCfg = Release|Win32
		{B3B9D0AD-5E7A-425F-95CC-9EF0C6D46D47}.Release|x86.Build.0 = Release|Win32
		{AE6E3146-2FE6-42E6-943D-059096BC9366}.Debug|x64.ActiveCfg = Debug|x64
		{AE6E3146-2FE6-42E6-943D-059096BC9366}.Debug|x64.Build.0 = Debug|x64
		{AE6E3146-2FE6-42E6-943D-059096BC9366}.Debug|x86.ActiveCfg = Debug|Win32
		{AE6E3146-2FE6-42E6-943D-059096BC9366}.Debug|x86.Build.0 = Debug|Win32
		{AE6E3146-2FE6-42E6-943D-059096BC9366}.Release|x64.ActiveCfg = Release|x64
		{AE6E3146-2FE6-42E6-943D-059096BC9366}.Release|x64.Build.0 = Release|x64
		{AE6E3146-2FE6-42E6-943D-059096BC9366}.Release|x86.ActiveCfg = Release|Win32
		{AE6E3146-2FE6-42E6-943D-059096BC9366}.Release|x86.Build.0 = Release|Win32
		{2526D153-831F-4E70-AF6E-242695ADEDBE}.Debug|x64.ActiveCfg = Debug|x64
		{2526D153-831F-4E70-AF6E-242695ADEDBE}.Debug|x64.Build.0 = Debug|x64
		{2526D153-831F-4E70-AF6E-242695ADEDBE}.Debug|x86.ActiveCfg = Debug|Win32
		{2526D153-831F-4E70-AF6E-242695ADEDBE}.Debug|x86.Build.0 = Debug|Win32
		{2526D153-831F-4E70-AF6E-242695ADEDBE}.Release|x64.ActiveCfg = Release|x64
		{2526D153-831F-4E70-AF6E-242695ADEDBE}.Release|x64.Build.0 = Release|x64
		{2526D153-831F-4E70-AF6E-242695ADEDBE}.Release|x86.ActiveCfg = Release|Win32
		{2526D153-831F-4E70-AF6E-242695ADEDBE}.Release|x86.Build.0 = Release|Win32
	EndGlobalSection
	GlobalSection(SolutionProperties) = preSolution
		HideSolutionNode = FALSE
	EndGlobalSection
	GlobalSection(ExtensibilityGlobals) = postSolution
		SolutionGuid = {8D2983D8-FF99-40F6-A9D3-3FAD9D78C532}
	EndGlobalSection
EndGlobal
