
Microsoft Visual Studio Solution File, Format Version 12.00
# Visual Studio Version 17
VisualStudioVersion = 17.7.34024.191
MinimumVisualStudioVersion = 10.0.40219.1
Project("{8BC9CEB8-8B4A-11D0-8D11-00A0C91BC942}") = "Lecture1", "Lecture1\Lecture1.vcxproj", "{8BCD65F7-FDF5-4452-81AF-C34C698E59CE}"
EndProject
Project("{8BC9CEB8-8B4A-11D0-8D11-00A0C91BC942}") = "Lecture2", "Lecture2\Lecture2.vcxproj", "{8654A629-EAA5-4901-8B2B-B42B5C869B9B}"
EndProject
Project("{8BC9CEB8-8B4A-11D0-8D11-00A0C91BC942}") = "Lecture3", "Lecture3\Lecture3.vcxproj", "{17AC7046-F492-4D6E-B9DA-C10334009530}"
EndProject
Project("{8BC9CEB8-8B4A-11D0-8D11-00A0C91BC942}") = "Lecture4", "Lecture4\Lecture4.vcxproj", "{22E247B4-E0BA-464E-8BA0-592DE6AF0CED}"
EndProject
Project("{8BC9CEB8-8B4A-11D0-8D11-00A0C91BC942}") = "Lecture5", "Lecture5\Lecture5.vcxproj", "{240E71D1-E49D-4C1D-82FD-127812A7E7EC}"
EndProject
Project("{8BC9CEB8-8B4A-11D0-8D11-00A0C91BC942}") = "Lecture6", "Lecture6\Lecture6.vcxproj", "{1382BEA5-3043-492E-850B-8045DF20D390}"
EndProject
Project("{8BC9CEB8-8B4A-11D0-8D11-00A0C91BC942}") = "Lecture7", "Lecture7\Lecture7.vcxproj", "{13E6C2EF-A802-4D53-A3C0-10193B1ED3C8}"
EndProject
Project("{8BC9CEB8-8B4A-11D0-8D11-00A0C91BC942}") = "Lecture8", "Lecture8\Lecture8.vcxproj", "{153A0CFD-9F45-4A89-BD18-D73D626A850F}"
EndProject
Project("{8BC9CEB8-8B4A-11D0-8D11-00A0C91BC942}") = "Lecture9", "Lecture9\Lecture9.vcxproj", "{082846E6-7855-4087-8224-B40824242E5A}"
EndProject
Project("{8BC9CEB8-8B4A-11D0-8D11-00A0C91BC942}") = "Lecture10", "Lecture10\Lecture10.vcxproj", "{F54D6A2E-6099-458A-B765-DB2FC0F3FE74}"
EndProject
Global
	GlobalSection(SolutionConfigurationPlatforms) = preSolution
		Debug|x64 = Debug|x64
		Debug|x86 = Debug|x86
		Release|x64 = Release|x64
		Release|x86 = Release|x86
	EndGlobalSection
	GlobalSection(ProjectConfigurationPlatforms) = postSolution
		{8BCD65F7-FDF5-4452-81AF-C34C698E59CE}.Debug|x64.ActiveCfg = Debug|x64
		{8BCD65F7-FDF5-4452-81AF-C34C698E59CE}.Debug|x64.Build.0 = Debug|x64
		{8BCD65F7-FDF5-4452-81AF-C34C698E59CE}.Debug|x86.ActiveCfg = Debug|Win32
		{8BCD65F7-FDF5-4452-81AF-C34C698E59CE}.Debug|x86.Build.0 = Debug|Win32
		{8BCD65F7-FDF5-4452-81AF-C34C698E59CE}.Release|x64.ActiveCfg = Release|x64
		{8BCD65F7-FDF5-4452-81AF-C34C698E59CE}.Release|x64.Build.0 = Release|x64
		{8BCD65F7-FDF5-4452-81AF-C34C698E59CE}.Release|x86.ActiveCfg = Release|Win32
		{8BCD65F7-FDF5-4452-81AF-C34C698E59CE}.Release|x86.Build.0 = Release|Win32
		{8654A629-EAA5-4901-8B2B-B42B5C869B9B}.Debug|x64.ActiveCfg = Debug|x64
		{8654A629-EAA5-4901-8B2B-B42B5C869B9B}.Debug|x64.Build.0 = Debug|x64
		{8654A629-EAA5-4901-8B2B-B42B5C869B9B}.Debug|x86.ActiveCfg = Debug|Win32
		{8654A629-EAA5-4901-8B2B-B42B5C869B9B}.Debug|x86.Build.0 = Debug|Win32
		{8654A629-EAA5-4901-8B2B-B42B5C869B9B}.Release|x64.ActiveCfg = Release|x64
		{8654A629-EAA5-4901-8B2B-B42B5C869B9B}.Release|x64.Build.0 = Release|x64
		{8654A629-EAA5-4901-8B2B-B42B5C869B9B}.Release|x86.ActiveCfg = Release|Win32
		{8654A629-EAA5-4901-8B2B-B42B5C869B9B}.Release|x86.Build.0 = Release|Win32
		{17AC7046-F492-4D6E-B9DA-C10334009530}.Debug|x64.ActiveCfg = Debug|x64
		{17AC7046-F492-4D6E-B9DA-C10334009530}.Debug|x64.Build.0 = Debug|x64
		{17AC7046-F492-4D6E-B9DA-C10334009530}.Debug|x86.ActiveCfg = Debug|Win32
		{17AC7046-F492-4D6E-B9DA-C10334009530}.Debug|x86.Build.0 = Debug|Win32
		{17AC7046-F492-4D6E-B9DA-C10334009530}.Release|x64.ActiveCfg = Release|x64
		{17AC7046-F492-4D6E-B9DA-C10334009530}.Release|x64.Build.0 = Release|x64
		{17AC7046-F492-4D6E-B9DA-C10334009530}.Release|x86.ActiveCfg = Release|Win32
		{17AC7046-F492-4D6E-B9DA-C10334009530}.Release|x86.Build.0 = Release|Win32
		{22E247B4-E0BA-464E-8BA0-592DE6AF0CED}.Debug|x64.ActiveCfg = Debug|x64
		{22E247B4-E0BA-464E-8BA0-592DE6AF0CED}.Debug|x64.Build.0 = Debug|x64
		{22E247B4-E0BA-464E-8BA0-592DE6AF0CED}.Debug|x86.ActiveCfg = Debug|Win32
		{22E247B4-E0BA-464E-8BA0-592DE6AF0CED}.Debug|x86.Build.0 = Debug|Win32
		{22E247B4-E0BA-464E-8BA0-592DE6AF0CED}.Release|x64.ActiveCfg = Release|x64
		{22E247B4-E0BA-464E-8BA0-592DE6AF0CED}.Release|x64.Build.0 = Release|x64
		{22E247B4-E0BA-464E-8BA0-592DE6AF0CED}.Release|x86.ActiveCfg = Release|Win32
		{22E247B4-E0BA-464E-8BA0-592DE6AF0CED}.Release|x86.Build.0 = Release|Win32
		{240E71D1-E49D-4C1D-82FD-127812A7E7EC}.Debug|x64.ActiveCfg = Debug|x64
		{240E71D1-E49D-4C1D-82FD-127812A7E7EC}.Debug|x64.Build.0 = Debug|x64
		{240E71D1-E49D-4C1D-82FD-127812A7E7EC}.Debug|x86.ActiveCfg = Debug|Win32
		{240E71D1-E49D-4C1D-82FD-127812A7E7EC}.Debug|x86.Build.0 = Debug|Win32
		{240E71D1-E49D-4C1D-82FD-127812A7E7EC}.Release|x64.ActiveCfg = Release|x64
		{240E71D1-E49D-4C1D-82FD-127812A7E7EC}.Release|x64.Build.0 = Release|x64
		{240E71D1-E49D-4C1D-82FD-127812A7E7EC}.Release|x86.ActiveCfg = Release|Win32
		{240E71D1-E49D-4C1D-82FD-127812A7E7EC}.Release|x86.Build.0 = Release|Win32
		{1382BEA5-3043-492E-850B-8045DF20D390}.Debug|x64.ActiveCfg = Debug|x64
		{1382BEA5-3043-492E-850B-8045DF20D390}.Debug|x64.Build.0 = Debug|x64
		{1382BEA5-3043-492E-850B-8045DF20D390}.Debug|x86.ActiveCfg = Debug|Win32
		{1382BEA5-3043-492E-850B-8045DF20D390}.Debug|x86.Build.0 = Debug|Win32
		{1382BEA5-3043-492E-850B-8045DF20D390}.Release|x64.ActiveCfg = Release|x64
		{1382BEA5-3043-492E-850B-8045DF20D390}.Release|x64.Build.0 = Release|x64
		{1382BEA5-3043-492E-850B-8045DF20D390}.Release|x86.ActiveCfg = Release|Win32
		{1382BEA5-3043-492E-850B-8045DF20D390}.Release|x86.Build.0 = Release|Win32
		{13E6C2EF-A802-4D53-A3C0-10193B1ED3C8}.Debug|x64.ActiveCfg = Debug|x64
		{13E6C2EF-A802-4D53-A3C0-10193B1ED3C8}.Debug|x64.Build.0 = Debug|x64
		{13E6C2EF-A802-4D53-A3C0-10193B1ED3C8}.Debug|x86.ActiveCfg = Debug|Win32
		{13E6C2EF-A802-4D53-A3C0-10193B1ED3C8}.Debug|x86.Build.0 = Debug|Win32
		{13E6C2EF-A802-4D53-A3C0-10193B1ED3C8}.Release|x64.ActiveCfg = Release|x64
		{13E6C2EF-A802-4D53-A3C0-10193B1ED3C8}.Release|x64.Build.0 = Release|x64
		{13E6C2EF-A802-4D53-A3C0-10193B1ED3C8}.Release|x86.ActiveCfg = Release|Win32
		{13E6C2EF-A802-4D53-A3C0-10193B1ED3C8}.Release|x86.Build.0 = Release|Win32
		{153A0CFD-9F45-4A89-BD18-D73D626A850F}.Debug|x64.ActiveCfg = Debug|x64
		{153A0CFD-9F45-4A89-BD18-D73D626A850F}.Debug|x64.Build.0 = Debug|x64
		{153A0CFD-9F45-4A89-BD18-D73D626A850F}.Debug|x86.ActiveCfg = Debug|Win32
		{153A0CFD-9F45-4A89-BD18-D73D626A850F}.Debug|x86.Build.0 = Debug|Win32
		{153A0CFD-9F45-4A89-BD18-D73D626A850F}.Release|x64.ActiveCfg = Release|x64
		{153A0CFD-9F45-4A89-BD18-D73D626A850F}.Release|x64.Build.0 = Release|x64
		{153A0CFD-9F45-4A89-BD18-D73D626A850F}.Release|x86.ActiveCfg = Release|Win32
		{153A0CFD-9F45-4A89-BD18-D73D626A850F}.Release|x86.Build.0 = Release|Win32
		{082846E6-7855-4087-8224-B40824242E5A}.Debug|x64.ActiveCfg = Debug|x64
		{082846E6-7855-4087-8224-B40824242E5A}.Debug|x64.Build.0 = Debug|x64
		{082846E6-7855-4087-8224-B40824242E5A}.Debug|x86.ActiveCfg = Debug|Win32
		{082846E6-7855-4087-8224-B40824242E5A}.Debug|x86.Build.0 = Debug|Win32
		{082846E6-7855-4087-8224-B40824242E5A}.Release|x64.ActiveCfg = Release|x64
		{082846E6-7855-4087-8224-B40824242E5A}.Release|x64.Build.0 = Release|x64
		{082846E6-7855-4087-8224-B40824242E5A}.Release|x86.ActiveCfg = Release|Win32
		{082846E6-7855-4087-8224-B40824242E5A}.Release|x86.Build.0 = Release|Win32
		{F54D6A2E-6099-458A-B765-DB2FC0F3FE74}.Debug|x64.ActiveCfg = Debug|x64
		{F54D6A2E-6099-458A-B765-DB2FC0F3FE74}.Debug|x64.Build.0 = Debug|x64
		{F54D6A2E-6099-458A-B765-DB2FC0F3FE74}.Debug|x86.ActiveCfg = Debug|Win32
		{F54D6A2E-6099-458A-B765-DB2FC0F3FE74}.Debug|x86.Build.0 = Debug|Win32
		{F54D6A2E-6099-458A-B765-DB2FC0F3FE74}.Release|x64.ActiveCfg = Release|x64
		{F54D6A2E-6099-458A-B765-DB2FC0F3FE74}.Release|x64.Build.0 = Release|x64
		{F54D6A2E-6099-458A-B765-DB2FC0F3FE74}.Release|x86.ActiveCfg = Release|Win32
		{F54D6A2E-6099-458A-B765-DB2FC0F3FE74}.Release|x86.Build.0 = Release|Win32
	EndGlobalSection
	GlobalSection(SolutionProperties) = preSolution
		HideSolutionNode = FALSE
	EndGlobalSection
	GlobalSection(ExtensibilityGlobals) = postSolution
		SolutionGuid = {739E398F-4931-477B-AA7E-23BFB5B49EB3}
	EndGlobalSection
EndGlobal
