
Microsoft Visual Studio Solution File, Format Version 12.00
# Visual Studio Version 17
VisualStudioVersion = 17.7.34024.191
MinimumVisualStudioVersion = 10.0.40219.1
Project("{8BC9CEB8-8B4A-11D0-8D11-00A0C91BC942}") = "Lecture1", "Lecture1\Lecture1.vcxproj", "{FF33FC3B-0D55-44C3-8167-3353617EAF4B}"
EndProject
Project("{8BC9CEB8-8B4A-11D0-8D11-00A0C91BC942}") = "Lecture2", "Lecture2\Lecture2.vcxproj", "{F8A6CA09-ED34-4FDB-ADEB-4C9FDE7E18C3}"
EndProject
Project("{8BC9CEB8-8B4A-11D0-8D11-00A0C91BC942}") = "Lecture3", "Lecture3\Lecture3.vcxproj", "{55796808-6063-4244-8BF5-5DA00BEBFBE6}"
EndProject
Project("{8BC9CEB8-8B4A-11D0-8D11-00A0C91BC942}") = "Lecture4", "Lecture4\Lecture4.vcxproj", "{372DCE00-636D-4079-B316-774805FD9441}"
EndProject
Project("{8BC9CEB8-8B4A-11D0-8D11-00A0C91BC942}") = "Lecture5", "Lecture5\Lecture5.vcxproj", "{522C1C90-DD2C-4376-B00D-405D7BDE8901}"
EndProject
Project("{8BC9CEB8-8B4A-11D0-8D11-00A0C91BC942}") = "Lecture6", "Lecture6\Lecture6.vcxproj", "{43A4EC99-CF44-42B7-B0FD-8D88E71E9F8F}"
EndProject
Project("{8BC9CEB8-8B4A-11D0-8D11-00A0C91BC942}") = "Lecture7", "Lecture7\Lecture7.vcxproj", "{F543BD27-FCF6-4B47-A5F2-EA07CF33C232}"
EndProject
Project("{8BC9CEB8-8B4A-11D0-8D11-00A0C91BC942}") = "Lecture7a", "Lecture7a\Lecture7a.vcxproj", "{C6B7C53A-1EEE-4212-BF08-5EBB5ED383AF}"
EndProject
Project("{8BC9CEB8-8B4A-11D0-8D11-00A0C91BC942}") = "Lecture8", "Lecture8\Lecture8.vcxproj", "{15CB50A0-9E70-48D4-9495-DAB7B0A5D109}"
EndProject
Project("{8BC9CEB8-8B4A-11D0-8D11-00A0C91BC942}") = "Lecture9", "Lecture9\Lecture9.vcxproj", "{A53C2362-3FB9-4467-AC75-4F66F681A04D}"
EndProject
Project("{8BC9CEB8-8B4A-11D0-8D11-00A0C91BC942}") = "Lecture10", "Lecture10\Lecture10.vcxproj", "{B43225DE-22EE-4DA2-BE7F-271A958F95E9}"
EndProject
Project("{8BC9CEB8-8B4A-11D0-8D11-00A0C91BC942}") = "Lecture11", "Lecture11\Lecture11.vcxproj", "{011BDB1D-8EC7-4645-B7D7-5BC0E7CECB46}"
EndProject
Project("{8BC9CEB8-8B4A-11D0-8D11-00A0C91BC942}") = "Lecture12", "Lecture12\Lecture12.vcxproj", "{D31308A6-8177-4420-95C0-D14D796E0860}"
EndProject
Project("{8BC9CEB8-8B4A-11D0-8D11-00A0C91BC942}") = "Lecture13", "Lecture13\Lecture13.vcxproj", "{C7E94A1C-8ABD-4E12-8DCD-C6CC7A6233F8}"
EndProject
Global
	GlobalSection(SolutionConfigurationPlatforms) = preSolution
		Debug|x64 = Debug|x64
		Debug|x86 = Debug|x86
		Release|x64 = Release|x64
		Release|x86 = Release|x86
	EndGlobalSection
	GlobalSection(ProjectConfigurationPlatforms) = postSolution
		{FF33FC3B-0D55-44C3-8167-3353617EAF4B}.Debug|x64.ActiveCfg = Debug|x64
		{FF33FC3B-0D55-44C3-8167-3353617EAF4B}.Debug|x64.Build.0 = Debug|x64
		{FF33FC3B-0D55-44C3-8167-3353617EAF4B}.Debug|x86.ActiveCfg = Debug|Win32
		{FF33FC3B-0D55-44C3-8167-3353617EAF4B}.Debug|x86.Build.0 = Debug|Win32
		{FF33FC3B-0D55-44C3-8167-3353617EAF4B}.Release|x64.ActiveCfg = Release|x64
		{FF33FC3B-0D55-44C3-8167-3353617EAF4B}.Release|x64.Build.0 = Release|x64
		{FF33FC3B-0D55-44C3-8167-3353617EAF4B}.Release|x86.ActiveCfg = Release|Win32
		{FF33FC3B-0D55-44C3-8167-3353617EAF4B}.Release|x86.Build.0 = Release|Win32
		{F8A6CA09-ED34-4FDB-ADEB-4C9FDE7E18C3}.Debug|x64.ActiveCfg = Debug|x64
		{F8A6CA09-ED34-4FDB-ADEB-4C9FDE7E18C3}.Debug|x64.Build.0 = Debug|x64
		{F8A6CA09-ED34-4FDB-ADEB-4C9FDE7E18C3}.Debug|x86.ActiveCfg = Debug|Win32
		{F8A6CA09-ED34-4FDB-ADEB-4C9FDE7E18C3}.Debug|x86.Build.0 = Debug|Win32
		{F8A6CA09-ED34-4FDB-ADEB-4C9FDE7E18C3}.Release|x64.ActiveCfg = Release|x64
		{F8A6CA09-ED34-4FDB-ADEB-4C9FDE7E18C3}.Release|x64.Build.0 = Release|x64
		{F8A6CA09-ED34-4FDB-ADEB-4C9FDE7E18C3}.Release|x86.ActiveCfg = Release|Win32
		{F8A6CA09-ED34-4FDB-ADEB-4C9FDE7E18C3}.Release|x86.Build.0 = Release|Win32
		{55796808-6063-4244-8BF5-5DA00BEBFBE6}.Debug|x64.ActiveCfg = Debug|x64
		{55796808-6063-4244-8BF5-5DA00BEBFBE6}.Debug|x64.Build.0 = Debug|x64
		{55796808-6063-4244-8BF5-5DA00BEBFBE6}.Debug|x86.ActiveCfg = Debug|Win32
		{55796808-6063-4244-8BF5-5DA00BEBFBE6}.Debug|x86.Build.0 = Debug|Win32
		{55796808-6063-4244-8BF5-5DA00BEBFBE6}.Release|x64.ActiveCfg = Release|x64
		{55796808-6063-4244-8BF5-5DA00BEBFBE6}.Release|x64.Build.0 = Release|x64
		{55796808-6063-4244-8BF5-5DA00BEBFBE6}.Release|x86.ActiveCfg = Release|Win32
		{55796808-6063-4244-8BF5-5DA00BEBFBE6}.Release|x86.Build.0 = Release|Win32
		{372DCE00-636D-4079-B316-774805FD9441}.Debug|x64.ActiveCfg = Debug|x64
		{372DCE00-636D-4079-B316-774805FD9441}.Debug|x64.Build.0 = Debug|x64
		{372DCE00-636D-4079-B316-774805FD9441}.Debug|x86.ActiveCfg = Debug|Win32
		{372DCE00-636D-4079-B316-774805FD9441}.Debug|x86.Build.0 = Debug|Win32
		{372DCE00-636D-4079-B316-774805FD9441}.Release|x64.ActiveCfg = Release|x64
		{372DCE00-636D-4079-B316-774805FD9441}.Release|x64.Build.0 = Release|x64
		{372DCE00-636D-4079-B316-774805FD9441}.Release|x86.ActiveCfg = Release|Win32
		{372DCE00-636D-4079-B316-774805FD9441}.Release|x86.Build.0 = Release|Win32
		{522C1C90-DD2C-4376-B00D-405D7BDE8901}.Debug|x64.ActiveCfg = Debug|x64
		{522C1C90-DD2C-4376-B00D-405D7BDE8901}.Debug|x64.Build.0 = Debug|x64
		{522C1C90-DD2C-4376-B00D-405D7BDE8901}.Debug|x86.ActiveCfg = Debug|Win32
		{522C1C90-DD2C-4376-B00D-405D7BDE8901}.Debug|x86.Build.0 = Debug|Win32
		{522C1C90-DD2C-4376-B00D-405D7BDE8901}.Release|x64.ActiveCfg = Release|x64
		{522C1C90-DD2C-4376-B00D-405D7BDE8901}.Release|x64.Build.0 = Release|x64
		{522C1C90-DD2C-4376-B00D-405D7BDE8901}.Release|x86.ActiveCfg = Release|Win32
		{522C1C90-DD2C-4376-B00D-405D7BDE8901}.Release|x86.Build.0 = Release|Win32
		{43A4EC99-CF44-42B7-B0FD-8D88E71E9F8F}.Debug|x64.ActiveCfg = Debug|x64
		{43A4EC99-CF44-42B7-B0FD-8D88E71E9F8F}.Debug|x64.Build.0 = Debug|x64
		{43A4EC99-CF44-42B7-B0FD-8D88E71E9F8F}.Debug|x86.ActiveCfg = Debug|Win32
		{43A4EC99-CF44-42B7-B0FD-8D88E71E9F8F}.Debug|x86.Build.0 = Debug|Win32
		{43A4EC99-CF44-42B7-B0FD-8D88E71E9F8F}.Release|x64.ActiveCfg = Release|x64
		{43A4EC99-CF44-42B7-B0FD-8D88E71E9F8F}.Release|x64.Build.0 = Release|x64
		{43A4EC99-CF44-42B7-B0FD-8D88E71E9F8F}.Release|x86.ActiveCfg = Release|Win32
		{43A4EC99-CF44-42B7-B0FD-8D88E71E9F8F}.Release|x86.Build.0 = Release|Win32
		{F543BD27-FCF6-4B47-A5F2-EA07CF33C232}.Debug|x64.ActiveCfg = Debug|x64
		{F543BD27-FCF6-4B47-A5F2-EA07CF33C232}.Debug|x64.Build.0 = Debug|x64
		{F543BD27-FCF6-4B47-A5F2-EA07CF33C232}.Debug|x86.ActiveCfg = Debug|Win32
		{F543BD27-FCF6-4B47-A5F2-EA07CF33C232}.Debug|x86.Build.0 = Debug|Win32
		{F543BD27-FCF6-4B47-A5F2-EA07CF33C232}.Release|x64.ActiveCfg = Release|x64
		{F543BD27-FCF6-4B47-A5F2-EA07CF33C232}.Release|x64.Build.0 = Release|x64
		{F543BD27-FCF6-4B47-A5F2-EA07CF33C232}.Release|x86.ActiveCfg = Release|Win32
		{F543BD27-FCF6-4B47-A5F2-EA07CF33C232}.Release|x86.Build.0 = Release|Win32
		{C6B7C53A-1EEE-4212-BF08-5EBB5ED383AF}.Debug|x64.ActiveCfg = Debug|x64
		{C6B7C53A-1EEE-4212-BF08-5EBB5ED383AF}.Debug|x64.Build.0 = Debug|x64
		{C6B7C53A-1EEE-4212-BF08-5EBB5ED383AF}.Debug|x86.ActiveCfg = Debug|Win32
		{C6B7C53A-1EEE-4212-BF08-5EBB5ED383AF}.Debug|x86.Build.0 = Debug|Win32
		{C6B7C53A-1EEE-4212-BF08-5EBB5ED383AF}.Release|x64.ActiveCfg = Release|x64
		{C6B7C53A-1EEE-4212-BF08-5EBB5ED383AF}.Release|x64.Build.0 = Release|x64
		{C6B7C53A-1EEE-4212-BF08-5EBB5ED383AF}.Release|x86.ActiveCfg = Release|Win32
		{C6B7C53A-1EEE-4212-BF08-5EBB5ED383AF}.Release|x86.Build.0 = Release|Win32
		{15CB50A0-9E70-48D4-9495-DAB7B0A5D109}.Debug|x64.ActiveCfg = Debug|x64
		{15CB50A0-9E70-48D4-9495-DAB7B0A5D109}.Debug|x64.Build.0 = Debug|x64
		{15CB50A0-9E70-48D4-9495-DAB7B0A5D109}.Debug|x86.ActiveCfg = Debug|Win32
		{15CB50A0-9E70-48D4-9495-DAB7B0A5D109}.Debug|x86.Build.0 = Debug|Win32
		{15CB50A0-9E70-48D4-9495-DAB7B0A5D109}.Release|x64.ActiveCfg = Release|x64
		{15CB50A0-9E70-48D4-9495-DAB7B0A5D109}.Release|x64.Build.0 = Release|x64
		{15CB50A0-9E70-48D4-9495-DAB7B0A5D109}.Release|x86.ActiveCfg = Release|Win32
		{15CB50A0-9E70-48D4-9495-DAB7B0A5D109}.Release|x86.Build.0 = Release|Win32
		{A53C2362-3FB9-4467-AC75-4F66F681A04D}.Debug|x64.ActiveCfg = Debug|x64
		{A53C2362-3FB9-4467-AC75-4F66F681A04D}.Debug|x64.Build.0 = Debug|x64
		{A53C2362-3FB9-4467-AC75-4F66F681A04D}.Debug|x86.ActiveCfg = Debug|Win32
		{A53C2362-3FB9-4467-AC75-4F66F681A04D}.Debug|x86.Build.0 = Debug|Win32
		{A53C2362-3FB9-4467-AC75-4F66F681A04D}.Release|x64.ActiveCfg = Release|x64
		{A53C2362-3FB9-4467-AC75-4F66F681A04D}.Release|x64.Build.0 = Release|x64
		{A53C2362-3FB9-4467-AC75-4F66F681A04D}.Release|x86.ActiveCfg = Release|Win32
		{A53C2362-3FB9-4467-AC75-4F66F681A04D}.Release|x86.Build.0 = Release|Win32
		{B43225DE-22EE-4DA2-BE7F-271A958F95E9}.Debug|x64.ActiveCfg = Debug|x64
		{B43225DE-22EE-4DA2-BE7F-271A958F95E9}.Debug|x64.Build.0 = Debug|x64
		{B43225DE-22EE-4DA2-BE7F-271A958F95E9}.Debug|x86.ActiveCfg = Debug|Win32
		{B43225DE-22EE-4DA2-BE7F-271A958F95E9}.Debug|x86.Build.0 = Debug|Win32
		{B43225DE-22EE-4DA2-BE7F-271A958F95E9}.Release|x64.ActiveCfg = Release|x64
		{B43225DE-22EE-4DA2-BE7F-271A958F95E9}.Release|x64.Build.0 = Release|x64
		{B43225DE-22EE-4DA2-BE7F-271A958F95E9}.Release|x86.ActiveCfg = Release|Win32
		{B43225DE-22EE-4DA2-BE7F-271A958F95E9}.Release|x86.Build.0 = Release|Win32
		{011BDB1D-8EC7-4645-B7D7-5BC0E7CECB46}.Debug|x64.ActiveCfg = Debug|x64
		{011BDB1D-8EC7-4645-B7D7-5BC0E7CECB46}.Debug|x64.Build.0 = Debug|x64
		{011BDB1D-8EC7-4645-B7D7-5BC0E7CECB46}.Debug|x86.ActiveCfg = Debug|Win32
		{011BDB1D-8EC7-4645-B7D7-5BC0E7CECB46}.Debug|x86.Build.0 = Debug|Win32
		{011BDB1D-8EC7-4645-B7D7-5BC0E7CECB46}.Release|x64.ActiveCfg = Release|x64
		{011BDB1D-8EC7-4645-B7D7-5BC0E7CECB46}.Release|x64.Build.0 = Release|x64
		{011BDB1D-8EC7-4645-B7D7-5BC0E7CECB46}.Release|x86.ActiveCfg = Release|Win32
		{011BDB1D-8EC7-4645-B7D7-5BC0E7CECB46}.Release|x86.Build.0 = Release|Win32
		{D31308A6-8177-4420-95C0-D14D796E0860}.Debug|x64.ActiveCfg = Debug|x64
		{D31308A6-8177-4420-95C0-D14D796E0860}.Debug|x64.Build.0 = Debug|x64
		{D31308A6-8177-4420-95C0-D14D796E0860}.Debug|x86.ActiveCfg = Debug|Win32
		{D31308A6-8177-4420-95C0-D14D796E0860}.Debug|x86.Build.0 = Debug|Win32
		{D31308A6-8177-4420-95C0-D14D796E0860}.Release|x64.ActiveCfg = Release|x64
		{D31308A6-8177-4420-95C0-D14D796E0860}.Release|x64.Build.0 = Release|x64
		{D31308A6-8177-4420-95C0-D14D796E0860}.Release|x86.ActiveCfg = Release|Win32
		{D31308A6-8177-4420-95C0-D14D796E0860}.Release|x86.Build.0 = Release|Win32
		{C7E94A1C-8ABD-4E12-8DCD-C6CC7A6233F8}.Debug|x64.ActiveCfg = Debug|x64
		{C7E94A1C-8ABD-4E12-8DCD-C6CC7A6233F8}.Debug|x64.Build.0 = Debug|x64
		{C7E94A1C-8ABD-4E12-8DCD-C6CC7A6233F8}.Debug|x86.ActiveCfg = Debug|Win32
		{C7E94A1C-8ABD-4E12-8DCD-C6CC7A6233F8}.Debug|x86.Build.0 = Debug|Win32
		{C7E94A1C-8ABD-4E12-8DCD-C6CC7A6233F8}.Release|x64.ActiveCfg = Release|x64
		{C7E94A1C-8ABD-4E12-8DCD-C6CC7A6233F8}.Release|x64.Build.0 = Release|x64
		{C7E94A1C-8ABD-4E12-8DCD-C6CC7A6233F8}.Release|x86.ActiveCfg = Release|Win32
		{C7E94A1C-8ABD-4E12-8DCD-C6CC7A6233F8}.Release|x86.Build.0 = Release|Win32
	EndGlobalSection
	GlobalSection(SolutionProperties) = preSolution
		HideSolutionNode = FALSE
	EndGlobalSection
	GlobalSection(ExtensibilityGlobals) = postSolution
		SolutionGuid = {1B78CE3E-DF9C-4F77-A153-C40BA4E58158}
	EndGlobalSection
EndGlobal
